
Microsoft Visual Studio Solution File, Format Version 12.00
# Visual Studio Version 17
VisualStudioVersion = 17.10.34928.147
MinimumVisualStudioVersion = 10.0.40219.1
Project("{FAE04EC0-301F-11D3-BF4B-00C04F79EFBC}") = "WebRequestServiceBusForwarder", "WebRequestServiceBusForwarder.csproj", "{5AAB0CDA-D460-4F0A-AE3C-14B8051C805F}"
EndProject
Global
	GlobalSection(SolutionConfigurationPlatforms) = preSolution
		Debug|Any CPU = Debug|Any CPU
		Release|Any CPU = Release|Any CPU
	EndGlobalSection
	GlobalSection(ProjectConfigurationPlatforms) = postSolution
		{5AAB0CDA-D460-4F0A-AE3C-14B8051C805F}.Debug|Any CPU.ActiveCfg = Debug|Any CPU
		{5AAB0CDA-D460-4F0A-AE3C-14B8051C805F}.Debug|Any CPU.Build.0 = Debug|Any CPU
		{5AAB0CDA-D460-4F0A-AE3C-14B8051C805F}.Release|Any CPU.ActiveCfg = Release|Any CPU
		{5AAB0CDA-D460-4F0A-AE3C-14B8051C805F}.Release|Any CPU.Build.0 = Release|Any CPU
	EndGlobalSection
	GlobalSection(SolutionProperties) = preSolution
		HideSolutionNode = FALSE
	EndGlobalSection
	GlobalSection(ExtensibilityGlobals) = postSolution
		SolutionGuid = {D3AC490E-A230-4A58-93BD-17984847BD1B}
	EndGlobalSection
EndGlobal
